The go.sum file is automatically generated by Go when you run commands that modify your dependencies, such as `go mod tidy` or `go get`. It contains checksums for the modules used in your project. Since I cannot generate the exact contents of this file without knowing the specific dependencies and their versions, I will provide a placeholder indicating that this file is intentionally left blank.

# go.sum intentionally left blank